// !$*UTF8*$!
{
	archiveVersion = 1;
	classes = {
	};
	objectVersion = 46;
	objects = {

/* Begin PBXBuildFile section */
		021A19AB1C3C773900EF53CE /* TutorialGenderViewController.swift in Sources */ = {isa = PBXBuildFile; fileRef = 021A19AA1C3C773900EF53CE /* TutorialGenderViewController.swift */; };
		024622A01C0F36FE000175DD /* FingerprintView.swift in Sources */ = {isa = PBXBuildFile; fileRef = 0246229F1C0F36FE000175DD /* FingerprintView.swift */; };
		024622A31C0F3763000175DD /* Fingerprint.swift in Sources */ = {isa = PBXBuildFile; fileRef = 024622A21C0F3763000175DD /* Fingerprint.swift */; };
		024622A61C0F3789000175DD /* FingerprintViewController.swift in Sources */ = {isa = PBXBuildFile; fileRef = 024622A41C0F3789000175DD /* FingerprintViewController.swift */; };
		024622A71C0F3789000175DD /* FingerprintViewController.xib in Resources */ = {isa = PBXBuildFile; fileRef = 024622A51C0F3789000175DD /* FingerprintViewController.xib */; };
		02593DB71C3E7B7600353989 /* CampagneView.swift in Sources */ = {isa = PBXBuildFile; fileRef = 02593DB61C3E7B7600353989 /* CampagneView.swift */; };
		026AAE051BF4DE1400FF9E21 /* OpenSans-Bold.ttf in Resources */ = {isa = PBXBuildFile; fileRef = 026AADFB1BF4DDBC00FF9E21 /* OpenSans-Bold.ttf */; };
		026AAE061BF4DE1400FF9E21 /* OpenSans-BoldItalic.ttf in Resources */ = {isa = PBXBuildFile; fileRef = 026AADFC1BF4DDBC00FF9E21 /* OpenSans-BoldItalic.ttf */; };
		026AAE071BF4DE1400FF9E21 /* OpenSans-ExtraBold.ttf in Resources */ = {isa = PBXBuildFile; fileRef = 026AADFD1BF4DDBC00FF9E21 /* OpenSans-ExtraBold.ttf */; };
		026AAE081BF4DE1400FF9E21 /* OpenSans-ExtraBoldItalic.ttf in Resources */ = {isa = PBXBuildFile; fileRef = 026AADFE1BF4DDBC00FF9E21 /* OpenSans-ExtraBoldItalic.ttf */; };
		026AAE091BF4DE1400FF9E21 /* OpenSans-Italic.ttf in Resources */ = {isa = PBXBuildFile; fileRef = 026AADFF1BF4DDBC00FF9E21 /* OpenSans-Italic.ttf */; };
		026AAE0A1BF4DE1400FF9E21 /* OpenSans-Light.ttf in Resources */ = {isa = PBXBuildFile; fileRef = 026AAE001BF4DDBC00FF9E21 /* OpenSans-Light.ttf */; };
		026AAE0B1BF4DE1400FF9E21 /* OpenSans-LightItalic.ttf in Resources */ = {isa = PBXBuildFile; fileRef = 026AAE011BF4DDBC00FF9E21 /* OpenSans-LightItalic.ttf */; };
		026AAE0C1BF4DE1400FF9E21 /* OpenSans-Regular.ttf in Resources */ = {isa = PBXBuildFile; fileRef = 026AAE021BF4DDBC00FF9E21 /* OpenSans-Regular.ttf */; };
		026AAE0D1BF4DE1400FF9E21 /* OpenSans-Semibold.ttf in Resources */ = {isa = PBXBuildFile; fileRef = 026AAE031BF4DDBC00FF9E21 /* OpenSans-Semibold.ttf */; };
		026AAE0E1BF4DE1400FF9E21 /* OpenSans-SemiboldItalic.ttf in Resources */ = {isa = PBXBuildFile; fileRef = 026AAE041BF4DDBC00FF9E21 /* OpenSans-SemiboldItalic.ttf */; };
		026BF8B51C0DD6D200601876 /* Tutorial.swift in Sources */ = {isa = PBXBuildFile; fileRef = 026BF8B41C0DD6D200601876 /* Tutorial.swift */; };
		026BF8B71C0DD6E100601876 /* TutorialView.swift in Sources */ = {isa = PBXBuildFile; fileRef = 026BF8B61C0DD6E100601876 /* TutorialView.swift */; };
		026BF8BC1C0DD73400601876 /* TutorialViewController.swift in Sources */ = {isa = PBXBuildFile; fileRef = 026BF8BB1C0DD73400601876 /* TutorialViewController.swift */; };
		026BF8BF1C0DD7EC00601876 /* Tutorial.storyboard in Resources */ = {isa = PBXBuildFile; fileRef = 026BF8BE1C0DD7EC00601876 /* Tutorial.storyboard */; };
		026BF8C51C0DF49800601876 /* UnblurAnimationSegue.swift in Sources */ = {isa = PBXBuildFile; fileRef = 026BF8C41C0DF49800601876 /* UnblurAnimationSegue.swift */; };
		02B47EC51C3E9675001372B7 /* TropicalView.swift in Sources */ = {isa = PBXBuildFile; fileRef = 02B47EC41C3E9675001372B7 /* TropicalView.swift */; };
		02B47EC71C3ECD84001372B7 /* tribe.mp4 in Resources */ = {isa = PBXBuildFile; fileRef = 02B47EC61C3ECD84001372B7 /* tribe.mp4 */; };
		02B47EC91C3ECDB1001372B7 /* ChoiceThirdViewController.swift in Sources */ = {isa = PBXBuildFile; fileRef = 02B47EC81C3ECDB1001372B7 /* ChoiceThirdViewController.swift */; };
		02B47ECD1C3ED767001372B7 /* plume.mp4 in Resources */ = {isa = PBXBuildFile; fileRef = 02B47ECC1C3ED767001372B7 /* plume.mp4 */; };
		02BCEF381C34B6EA00186654 /* ChoiceView.swift in Sources */ = {isa = PBXBuildFile; fileRef = 02BCEF371C34B6EA00186654 /* ChoiceView.swift */; };
		02C4A4DD1C3ABA4B009E0CFA /* Results.storyboard in Resources */ = {isa = PBXBuildFile; fileRef = 02C4A4DC1C3ABA4B009E0CFA /* Results.storyboard */; };
		02C4A4E11C3ABA87009E0CFA /* ResultsViewController.swift in Sources */ = {isa = PBXBuildFile; fileRef = 02C4A4E01C3ABA87009E0CFA /* ResultsViewController.swift */; };
		02C5B0681BF4DB9200DA3CD1 /* AppDelegate.swift in Sources */ = {isa = PBXBuildFile; fileRef = 02C5B0671BF4DB9200DA3CD1 /* AppDelegate.swift */; };
		02C5B06A1BF4DB9200DA3CD1 /* ViewController.swift in Sources */ = {isa = PBXBuildFile; fileRef = 02C5B0691BF4DB9200DA3CD1 /* ViewController.swift */; };
		02C5B06D1BF4DB9200DA3CD1 /* Main.storyboard in Resources */ = {isa = PBXBuildFile; fileRef = 02C5B06B1BF4DB9200DA3CD1 /* Main.storyboard */; };
		02C5B06F1BF4DB9200DA3CD1 /* Assets.xcassets in Resources */ = {isa = PBXBuildFile; fileRef = 02C5B06E1BF4DB9200DA3CD1 /* Assets.xcassets */; };
		02C5B0721BF4DB9200DA3CD1 /* LaunchScreen.storyboard in Resources */ = {isa = PBXBuildFile; fileRef = 02C5B0701BF4DB9200DA3CD1 /* LaunchScreen.storyboard */; };
		02C5B07D1BF4DB9200DA3CD1 /* inouiTests.swift in Sources */ = {isa = PBXBuildFile; fileRef = 02C5B07C1BF4DB9200DA3CD1 /* inouiTests.swift */; };
		02C5B0881BF4DB9200DA3CD1 /* inouiUITests.swift in Sources */ = {isa = PBXBuildFile; fileRef = 02C5B0871BF4DB9200DA3CD1 /* inouiUITests.swift */; };
		02D0C6E11C3D7A490060A134 /* TutorialAgeViewController.swift in Sources */ = {isa = PBXBuildFile; fileRef = 02D0C6E01C3D7A490060A134 /* TutorialAgeViewController.swift */; };
		02D0C6E31C3D7C240060A134 /* ChoiceFirstViewController.swift in Sources */ = {isa = PBXBuildFile; fileRef = 02D0C6E21C3D7C240060A134 /* ChoiceFirstViewController.swift */; };
		02D0C6E51C3D7FA70060A134 /* cascade.mp4 in Resources */ = {isa = PBXBuildFile; fileRef = 02D0C6E41C3D7D120060A134 /* cascade.mp4 */; };
		02D0C6E71C3D8A2A0060A134 /* ChoiceSecondController.swift in Sources */ = {isa = PBXBuildFile; fileRef = 02D0C6E61C3D8A2A0060A134 /* ChoiceSecondController.swift */; };
		02FC0E5C1C3F48FC0088C5BC /* TownView.swift in Sources */ = {isa = PBXBuildFile; fileRef = 02FC0E5B1C3F48FC0088C5BC /* TownView.swift */; };
		02FC0E5E1C3F5D0F0088C5BC /* ProductViewController.swift in Sources */ = {isa = PBXBuildFile; fileRef = 02FC0E5D1C3F5D0F0088C5BC /* ProductViewController.swift */; };
		02FC0E601C3F5D1B0088C5BC /* Product.storyboard in Resources */ = {isa = PBXBuildFile; fileRef = 02FC0E5F1C3F5D1B0088C5BC /* Product.storyboard */; };
		8920EA6A1C103899001D7A33 /* Playback.swift in Sources */ = {isa = PBXBuildFile; fileRef = 8920EA691C103899001D7A33 /* Playback.swift */; };
		8920EA6C1C10390D001D7A33 /* MyOpenALSupport.swift in Sources */ = {isa = PBXBuildFile; fileRef = 8920EA6B1C10390D001D7A33 /* MyOpenALSupport.swift */; };
		8920EA6E1C1039D4001D7A33 /* OpenAL.framework in Frameworks */ = {isa = PBXBuildFile; fileRef = 8920EA6D1C1039D4001D7A33 /* OpenAL.framework */; };
		8920EA711C103E6F001D7A33 /* NumTypes+Conversion.swift in Sources */ = {isa = PBXBuildFile; fileRef = 8920EA701C103E6F001D7A33 /* NumTypes+Conversion.swift */; };
		8920EA761C104299001D7A33 /* sound.caf in Resources */ = {isa = PBXBuildFile; fileRef = 8920EA751C104299001D7A33 /* sound.caf */; };
		8920EA781C105C26001D7A33 /* test.wav in Resources */ = {isa = PBXBuildFile; fileRef = 8920EA771C105C26001D7A33 /* test.wav */; };
		8920EA7B1C10A0CD001D7A33 /* LocationManager.swift in Sources */ = {isa = PBXBuildFile; fileRef = 8920EA7A1C10A0CD001D7A33 /* LocationManager.swift */; };
		8920EA871C11CE45001D7A33 /* IntroController.swift in Sources */ = {isa = PBXBuildFile; fileRef = 8920EA861C11CE44001D7A33 /* IntroController.swift */; };
		8920EA891C11CE73001D7A33 /* IntroView.swift in Sources */ = {isa = PBXBuildFile; fileRef = 8920EA881C11CE73001D7A33 /* IntroView.swift */; };
		8920EA8F1C11CEFC001D7A33 /* PauseView.swift in Sources */ = {isa = PBXBuildFile; fileRef = 8920EA8E1C11CEFC001D7A33 /* PauseView.swift */; };
		8920EA911C11CF05001D7A33 /* PauseController.swift in Sources */ = {isa = PBXBuildFile; fileRef = 8920EA901C11CF05001D7A33 /* PauseController.swift */; };
		8920EA931C11CF54001D7A33 /* Pause.storyboard in Resources */ = {isa = PBXBuildFile; fileRef = 8920EA921C11CF54001D7A33 /* Pause.storyboard */; };
		8920EA991C11E4A0001D7A33 /* Choice.storyboard in Resources */ = {isa = PBXBuildFile; fileRef = 8920EA981C11E4A0001D7A33 /* Choice.storyboard */; };
		8920EA9B1C11E4AA001D7A33 /* ChoiceController.swift in Sources */ = {isa = PBXBuildFile; fileRef = 8920EA9A1C11E4AA001D7A33 /* ChoiceController.swift */; };
		893F6BA41C3A6746007CB1F9 /* Sound.swift in Sources */ = {isa = PBXBuildFile; fileRef = 893F6BA31C3A6746007CB1F9 /* Sound.swift */; };
		893F6BA61C3A7341007CB1F9 /* SoundsComposition.swift in Sources */ = {isa = PBXBuildFile; fileRef = 893F6BA51C3A7341007CB1F9 /* SoundsComposition.swift */; };
		893F6BCF1C3D93EE007CB1F9 /* wind.caf in Resources */ = {isa = PBXBuildFile; fileRef = 893F6BCE1C3D93EE007CB1F9 /* wind.caf */; };
		893F6BD11C3E6221007CB1F9 /* heartbeat.mp3 in Resources */ = {isa = PBXBuildFile; fileRef = 893F6BD01C3E6221007CB1F9 /* heartbeat.mp3 */; };
		893F6BD31C3E65FD007CB1F9 /* AudioToolbox.framework in Frameworks */ = {isa = PBXBuildFile; fileRef = 893F6BD21C3E65FD007CB1F9 /* AudioToolbox.framework */; };
		893F6C001C3EE6E5007CB1F9 /* city_background.caf in Resources */ = {isa = PBXBuildFile; fileRef = 893F6BF41C3EE6E5007CB1F9 /* city_background.caf */; };
		893F6C021C3EE6E5007CB1F9 /* city_voice.caf in Resources */ = {isa = PBXBuildFile; fileRef = 893F6BF61C3EE6E5007CB1F9 /* city_voice.caf */; };
		893F6C031C3EE6E5007CB1F9 /* country_background.caf in Resources */ = {isa = PBXBuildFile; fileRef = 893F6BF71C3EE6E5007CB1F9 /* country_background.caf */; };
		893F6C041C3EE6E5007CB1F9 /* country_extra.caf in Resources */ = {isa = PBXBuildFile; fileRef = 893F6BF81C3EE6E5007CB1F9 /* country_extra.caf */; };
		893F6C051C3EE6E5007CB1F9 /* country_voice.caf in Resources */ = {isa = PBXBuildFile; fileRef = 893F6BF91C3EE6E5007CB1F9 /* country_voice.caf */; };
		893F6C061C3EE6E5007CB1F9 /* sea_background.caf in Resources */ = {isa = PBXBuildFile; fileRef = 893F6BFA1C3EE6E5007CB1F9 /* sea_background.caf */; };
		893F6C071C3EE6E5007CB1F9 /* sea_extra.caf in Resources */ = {isa = PBXBuildFile; fileRef = 893F6BFB1C3EE6E5007CB1F9 /* sea_extra.caf */; };
		893F6C081C3EE6E5007CB1F9 /* sea_voice.caf in Resources */ = {isa = PBXBuildFile; fileRef = 893F6BFC1C3EE6E5007CB1F9 /* sea_voice.caf */; };
		893F6C0A1C3EE6E5007CB1F9 /* tropics_extra.caf in Resources */ = {isa = PBXBuildFile; fileRef = 893F6BFE1C3EE6E5007CB1F9 /* tropics_extra.caf */; };
		893F6C0B1C3EE6E5007CB1F9 /* tropics_voice.caf in Resources */ = {isa = PBXBuildFile; fileRef = 893F6BFF1C3EE6E5007CB1F9 /* tropics_voice.caf */; };
		893F6C121C3F3F62007CB1F9 /* cascade_background.caf in Resources */ = {isa = PBXBuildFile; fileRef = 893F6C0C1C3F3F62007CB1F9 /* cascade_background.caf */; };
		893F6C131C3F3F62007CB1F9 /* cascade_extra.caf in Resources */ = {isa = PBXBuildFile; fileRef = 893F6C0D1C3F3F62007CB1F9 /* cascade_extra.caf */; };
		893F6C141C3F3F62007CB1F9 /* cascade_voice.caf in Resources */ = {isa = PBXBuildFile; fileRef = 893F6C0E1C3F3F62007CB1F9 /* cascade_voice.caf */; };
		893F6C151C3F3F62007CB1F9 /* forest_background.caf in Resources */ = {isa = PBXBuildFile; fileRef = 893F6C0F1C3F3F62007CB1F9 /* forest_background.caf */; };
		893F6C161C3F3F62007CB1F9 /* forest_extra.caf in Resources */ = {isa = PBXBuildFile; fileRef = 893F6C101C3F3F62007CB1F9 /* forest_extra.caf */; };
		893F6C171C3F3F62007CB1F9 /* forest_voice.caf in Resources */ = {isa = PBXBuildFile; fileRef = 893F6C111C3F3F62007CB1F9 /* forest_voice.caf */; };
		893F6C191C3F4488007CB1F9 /* city_extra.caf in Resources */ = {isa = PBXBuildFile; fileRef = 893F6C181C3F4488007CB1F9 /* city_extra.caf */; };
		893F6C201C3F4599007CB1F9 /* animals_background.caf in Resources */ = {isa = PBXBuildFile; fileRef = 893F6C1A1C3F4599007CB1F9 /* animals_background.caf */; };
		893F6C211C3F4599007CB1F9 /* animals_extra.caf in Resources */ = {isa = PBXBuildFile; fileRef = 893F6C1B1C3F4599007CB1F9 /* animals_extra.caf */; };
		893F6C221C3F4599007CB1F9 /* animals_voice.caf in Resources */ = {isa = PBXBuildFile; fileRef = 893F6C1C1C3F4599007CB1F9 /* animals_voice.caf */; };
		893F6C231C3F4599007CB1F9 /* tribe_background.caf in Resources */ = {isa = PBXBuildFile; fileRef = 893F6C1D1C3F4599007CB1F9 /* tribe_background.caf */; };
		893F6C241C3F4599007CB1F9 /* tribe_extra.caf in Resources */ = {isa = PBXBuildFile; fileRef = 893F6C1E1C3F4599007CB1F9 /* tribe_extra.caf */; };
		893F6C251C3F4599007CB1F9 /* tribe_voice.caf in Resources */ = {isa = PBXBuildFile; fileRef = 893F6C1F1C3F4599007CB1F9 /* tribe_voice.caf */; };
		893F6C271C3FBEDE007CB1F9 /* tropics_background.caf in Resources */ = {isa = PBXBuildFile; fileRef = 893F6C261C3FBEDE007CB1F9 /* tropics_background.caf */; };
/* End PBXBuildFile section */

/* Begin PBXContainerItemProxy section */
		02C5B0791BF4DB9200DA3CD1 /* PBXContainerItemProxy */ = {
			isa = PBXContainerItemProxy;
			containerPortal = 02C5B05C1BF4DB9200DA3CD1 /* Project object */;
			proxyType = 1;
			remoteGlobalIDString = 02C5B0631BF4DB9200DA3CD1;
			remoteInfo = inoui;
		};
		02C5B0841BF4DB9200DA3CD1 /* PBXContainerItemProxy */ = {
			isa = PBXContainerItemProxy;
			containerPortal = 02C5B05C1BF4DB9200DA3CD1 /* Project object */;
			proxyType = 1;
			remoteGlobalIDString = 02C5B0631BF4DB9200DA3CD1;
			remoteInfo = inoui;
		};
/* End PBXContainerItemProxy section */

/* Begin PBXFileReference section */
		021A19AA1C3C773900EF53CE /* TutorialGenderViewController.swift */ = {isa = PBXFileReference; fileEncoding = 4; lastKnownFileType = sourcecode.swift; path = TutorialGenderViewController.swift; sourceTree = "<group>"; };
		0246229F1C0F36FE000175DD /* FingerprintView.swift */ = {isa = PBXFileReference; fileEncoding = 4; lastKnownFileType = sourcecode.swift; path = FingerprintView.swift; sourceTree = "<group>"; };
		024622A21C0F3763000175DD /* Fingerprint.swift */ = {isa = PBXFileReference; fileEncoding = 4; lastKnownFileType = sourcecode.swift; path = Fingerprint.swift; sourceTree = "<group>"; };
		024622A41C0F3789000175DD /* FingerprintViewController.swift */ = {isa = PBXFileReference; fileEncoding = 4; lastKnownFileType = sourcecode.swift; path = FingerprintViewController.swift; sourceTree = "<group>"; };
		024622A51C0F3789000175DD /* FingerprintViewController.xib */ = {isa = PBXFileReference; fileEncoding = 4; lastKnownFileType = file.xib; path = FingerprintViewController.xib; sourceTree = "<group>"; };
		02593DB61C3E7B7600353989 /* CampagneView.swift */ = {isa = PBXFileReference; fileEncoding = 4; lastKnownFileType = sourcecode.swift; path = CampagneView.swift; sourceTree = "<group>"; };
		026AADFB1BF4DDBC00FF9E21 /* OpenSans-Bold.ttf */ = {isa = PBXFileReference; lastKnownFileType = file; path = "OpenSans-Bold.ttf"; sourceTree = "<group>"; };
		026AADFC1BF4DDBC00FF9E21 /* OpenSans-BoldItalic.ttf */ = {isa = PBXFileReference; lastKnownFileType = file; path = "OpenSans-BoldItalic.ttf"; sourceTree = "<group>"; };
		026AADFD1BF4DDBC00FF9E21 /* OpenSans-ExtraBold.ttf */ = {isa = PBXFileReference; lastKnownFileType = file; path = "OpenSans-ExtraBold.ttf"; sourceTree = "<group>"; };
		026AADFE1BF4DDBC00FF9E21 /* OpenSans-ExtraBoldItalic.ttf */ = {isa = PBXFileReference; lastKnownFileType = file; path = "OpenSans-ExtraBoldItalic.ttf"; sourceTree = "<group>"; };
		026AADFF1BF4DDBC00FF9E21 /* OpenSans-Italic.ttf */ = {isa = PBXFileReference; lastKnownFileType = file; path = "OpenSans-Italic.ttf"; sourceTree = "<group>"; };
		026AAE001BF4DDBC00FF9E21 /* OpenSans-Light.ttf */ = {isa = PBXFileReference; lastKnownFileType = file; path = "OpenSans-Light.ttf"; sourceTree = "<group>"; };
		026AAE011BF4DDBC00FF9E21 /* OpenSans-LightItalic.ttf */ = {isa = PBXFileReference; lastKnownFileType = file; path = "OpenSans-LightItalic.ttf"; sourceTree = "<group>"; };
		026AAE021BF4DDBC00FF9E21 /* OpenSans-Regular.ttf */ = {isa = PBXFileReference; lastKnownFileType = file; path = "OpenSans-Regular.ttf"; sourceTree = "<group>"; };
		026AAE031BF4DDBC00FF9E21 /* OpenSans-Semibold.ttf */ = {isa = PBXFileReference; lastKnownFileType = file; path = "OpenSans-Semibold.ttf"; sourceTree = "<group>"; };
		026AAE041BF4DDBC00FF9E21 /* OpenSans-SemiboldItalic.ttf */ = {isa = PBXFileReference; lastKnownFileType = file; path = "OpenSans-SemiboldItalic.ttf"; sourceTree = "<group>"; };
		026BF8B41C0DD6D200601876 /* Tutorial.swift */ = {isa = PBXFileReference; fileEncoding = 4; lastKnownFileType = sourcecode.swift; path = Tutorial.swift; sourceTree = "<group>"; };
		026BF8B61C0DD6E100601876 /* TutorialView.swift */ = {isa = PBXFileReference; fileEncoding = 4; lastKnownFileType = sourcecode.swift; path = TutorialView.swift; sourceTree = "<group>"; };
		026BF8BB1C0DD73400601876 /* TutorialViewController.swift */ = {isa = PBXFileReference; fileEncoding = 4; lastKnownFileType = sourcecode.swift; path = TutorialViewController.swift; sourceTree = "<group>"; };
		026BF8BE1C0DD7EC00601876 /* Tutorial.storyboard */ = {isa = PBXFileReference; fileEncoding = 4; lastKnownFileType = file.storyboard; path = Tutorial.storyboard; sourceTree = "<group>"; };
		026BF8C41C0DF49800601876 /* UnblurAnimationSegue.swift */ = {isa = PBXFileReference; fileEncoding = 4; lastKnownFileType = sourcecode.swift; path = UnblurAnimationSegue.swift; sourceTree = "<group>"; };
		02B47EC41C3E9675001372B7 /* TropicalView.swift */ = {isa = PBXFileReference; fileEncoding = 4; lastKnownFileType = sourcecode.swift; path = TropicalView.swift; sourceTree = "<group>"; };
		02B47EC61C3ECD84001372B7 /* tribe.mp4 */ = {isa = PBXFileReference; lastKnownFileType = file; path = tribe.mp4; sourceTree = "<group>"; };
		02B47EC81C3ECDB1001372B7 /* ChoiceThirdViewController.swift */ = {isa = PBXFileReference; fileEncoding = 4; lastKnownFileType = sourcecode.swift; path = ChoiceThirdViewController.swift; sourceTree = "<group>"; };
		02B47ECC1C3ED767001372B7 /* plume.mp4 */ = {isa = PBXFileReference; lastKnownFileType = file; path = plume.mp4; sourceTree = "<group>"; };
		02BCEF371C34B6EA00186654 /* ChoiceView.swift */ = {isa = PBXFileReference; fileEncoding = 4; lastKnownFileType = sourcecode.swift; path = ChoiceView.swift; sourceTree = "<group>"; };
		02C4A4DC1C3ABA4B009E0CFA /* Results.storyboard */ = {isa = PBXFileReference; fileEncoding = 4; lastKnownFileType = file.storyboard; path = Results.storyboard; sourceTree = "<group>"; };
		02C4A4E01C3ABA87009E0CFA /* ResultsViewController.swift */ = {isa = PBXFileReference; fileEncoding = 4; lastKnownFileType = sourcecode.swift; path = ResultsViewController.swift; sourceTree = "<group>"; };
		02C5B0641BF4DB9200DA3CD1 /* inoui.app */ = {isa = PBXFileReference; explicitFileType = wrapper.application; includeInIndex = 0; path = inoui.app; sourceTree = BUILT_PRODUCTS_DIR; };
		02C5B0671BF4DB9200DA3CD1 /* AppDelegate.swift */ = {isa = PBXFileReference; lastKnownFileType = sourcecode.swift; path = AppDelegate.swift; sourceTree = "<group>"; };
		02C5B0691BF4DB9200DA3CD1 /* ViewController.swift */ = {isa = PBXFileReference; lastKnownFileType = sourcecode.swift; path = ViewController.swift; sourceTree = "<group>"; };
		02C5B06C1BF4DB9200DA3CD1 /* Base */ = {isa = PBXFileReference; lastKnownFileType = file.storyboard; name = Base; path = Base.lproj/Main.storyboard; sourceTree = "<group>"; };
		02C5B06E1BF4DB9200DA3CD1 /* Assets.xcassets */ = {isa = PBXFileReference; lastKnownFileType = folder.assetcatalog; path = Assets.xcassets; sourceTree = "<group>"; };
		02C5B0711BF4DB9200DA3CD1 /* Base */ = {isa = PBXFileReference; lastKnownFileType = file.storyboard; name = Base; path = Base.lproj/LaunchScreen.storyboard; sourceTree = "<group>"; };
		02C5B0731BF4DB9200DA3CD1 /* Info.plist */ = {isa = PBXFileReference; lastKnownFileType = text.plist.xml; path = Info.plist; sourceTree = "<group>"; };
		02C5B0781BF4DB9200DA3CD1 /* inouiTests.xctest */ = {isa = PBXFileReference; explicitFileType = wrapper.cfbundle; includeInIndex = 0; path = inouiTests.xctest; sourceTree = BUILT_PRODUCTS_DIR; };
		02C5B07C1BF4DB9200DA3CD1 /* inouiTests.swift */ = {isa = PBXFileReference; lastKnownFileType = sourcecode.swift; path = inouiTests.swift; sourceTree = "<group>"; };
		02C5B07E1BF4DB9200DA3CD1 /* Info.plist */ = {isa = PBXFileReference; lastKnownFileType = text.plist.xml; path = Info.plist; sourceTree = "<group>"; };
		02C5B0831BF4DB9200DA3CD1 /* inouiUITests.xctest */ = {isa = PBXFileReference; explicitFileType = wrapper.cfbundle; includeInIndex = 0; path = inouiUITests.xctest; sourceTree = BUILT_PRODUCTS_DIR; };
		02C5B0871BF4DB9200DA3CD1 /* inouiUITests.swift */ = {isa = PBXFileReference; lastKnownFileType = sourcecode.swift; path = inouiUITests.swift; sourceTree = "<group>"; };
		02C5B0891BF4DB9200DA3CD1 /* Info.plist */ = {isa = PBXFileReference; lastKnownFileType = text.plist.xml; path = Info.plist; sourceTree = "<group>"; };
		02D0C6E01C3D7A490060A134 /* TutorialAgeViewController.swift */ = {isa = PBXFileReference; fileEncoding = 4; lastKnownFileType = sourcecode.swift; path = TutorialAgeViewController.swift; sourceTree = "<group>"; };
		02D0C6E21C3D7C240060A134 /* ChoiceFirstViewController.swift */ = {isa = PBXFileReference; fileEncoding = 4; lastKnownFileType = sourcecode.swift; path = ChoiceFirstViewController.swift; sourceTree = "<group>"; };
		02D0C6E41C3D7D120060A134 /* cascade.mp4 */ = {isa = PBXFileReference; lastKnownFileType = file; path = cascade.mp4; sourceTree = "<group>"; };
		02D0C6E61C3D8A2A0060A134 /* ChoiceSecondController.swift */ = {isa = PBXFileReference; fileEncoding = 4; lastKnownFileType = sourcecode.swift; path = ChoiceSecondController.swift; sourceTree = "<group>"; };
		02FC0E5B1C3F48FC0088C5BC /* TownView.swift */ = {isa = PBXFileReference; fileEncoding = 4; lastKnownFileType = sourcecode.swift; path = TownView.swift; sourceTree = "<group>"; };
		02FC0E5D1C3F5D0F0088C5BC /* ProductViewController.swift */ = {isa = PBXFileReference; fileEncoding = 4; lastKnownFileType = sourcecode.swift; path = ProductViewController.swift; sourceTree = "<group>"; };
		02FC0E5F1C3F5D1B0088C5BC /* Product.storyboard */ = {isa = PBXFileReference; fileEncoding = 4; lastKnownFileType = file.storyboard; path = Product.storyboard; sourceTree = "<group>"; };
		8920EA691C103899001D7A33 /* Playback.swift */ = {isa = PBXFileReference; fileEncoding = 4; lastKnownFileType = sourcecode.swift; path = Playback.swift; sourceTree = "<group>"; };
		8920EA6B1C10390D001D7A33 /* MyOpenALSupport.swift */ = {isa = PBXFileReference; fileEncoding = 4; lastKnownFileType = sourcecode.swift; path = MyOpenALSupport.swift; sourceTree = "<group>"; };
		8920EA6D1C1039D4001D7A33 /* OpenAL.framework */ = {isa = PBXFileReference; lastKnownFileType = wrapper.framework; name = OpenAL.framework; path = System/Library/Frameworks/OpenAL.framework; sourceTree = SDKROOT; };
		8920EA701C103E6F001D7A33 /* NumTypes+Conversion.swift */ = {isa = PBXFileReference; fileEncoding = 4; lastKnownFileType = sourcecode.swift; path = "NumTypes+Conversion.swift"; sourceTree = "<group>"; };
		8920EA751C104299001D7A33 /* sound.caf */ = {isa = PBXFileReference; lastKnownFileType = file; path = sound.caf; sourceTree = "<group>"; };
		8920EA771C105C26001D7A33 /* test.wav */ = {isa = PBXFileReference; lastKnownFileType = audio.wav; path = test.wav; sourceTree = "<group>"; };
		8920EA7A1C10A0CD001D7A33 /* LocationManager.swift */ = {isa = PBXFileReference; fileEncoding = 4; lastKnownFileType = sourcecode.swift; path = LocationManager.swift; sourceTree = "<group>"; };
		8920EA861C11CE44001D7A33 /* IntroController.swift */ = {isa = PBXFileReference; fileEncoding = 4; lastKnownFileType = sourcecode.swift; path = IntroController.swift; sourceTree = "<group>"; };
		8920EA881C11CE73001D7A33 /* IntroView.swift */ = {isa = PBXFileReference; fileEncoding = 4; lastKnownFileType = sourcecode.swift; path = IntroView.swift; sourceTree = "<group>"; };
		8920EA8E1C11CEFC001D7A33 /* PauseView.swift */ = {isa = PBXFileReference; fileEncoding = 4; lastKnownFileType = sourcecode.swift; path = PauseView.swift; sourceTree = "<group>"; };
		8920EA901C11CF05001D7A33 /* PauseController.swift */ = {isa = PBXFileReference; fileEncoding = 4; lastKnownFileType = sourcecode.swift; path = PauseController.swift; sourceTree = "<group>"; };
		8920EA921C11CF54001D7A33 /* Pause.storyboard */ = {isa = PBXFileReference; fileEncoding = 4; lastKnownFileType = file.storyboard; path = Pause.storyboard; sourceTree = "<group>"; };
		8920EA981C11E4A0001D7A33 /* Choice.storyboard */ = {isa = PBXFileReference; fileEncoding = 4; lastKnownFileType = file.storyboard; path = Choice.storyboard; sourceTree = "<group>"; };
		8920EA9A1C11E4AA001D7A33 /* ChoiceController.swift */ = {isa = PBXFileReference; fileEncoding = 4; lastKnownFileType = sourcecode.swift; path = ChoiceController.swift; sourceTree = "<group>"; };
		893F6BA31C3A6746007CB1F9 /* Sound.swift */ = {isa = PBXFileReference; fileEncoding = 4; lastKnownFileType = sourcecode.swift; path = Sound.swift; sourceTree = "<group>"; };
		893F6BA51C3A7341007CB1F9 /* SoundsComposition.swift */ = {isa = PBXFileReference; fileEncoding = 4; lastKnownFileType = sourcecode.swift; path = SoundsComposition.swift; sourceTree = "<group>"; };
		893F6BCE1C3D93EE007CB1F9 /* wind.caf */ = {isa = PBXFileReference; lastKnownFileType = file; name = wind.caf; path = sounds/wind.caf; sourceTree = "<group>"; };
		893F6BD01C3E6221007CB1F9 /* heartbeat.mp3 */ = {isa = PBXFileReference; lastKnownFileType = audio.mp3; name = heartbeat.mp3; path = sounds/heartbeat.mp3; sourceTree = "<group>"; };
		893F6BD21C3E65FD007CB1F9 /* AudioToolbox.framework */ = {isa = PBXFileReference; lastKnownFileType = wrapper.framework; name = AudioToolbox.framework; path = System/Library/Frameworks/AudioToolbox.framework; sourceTree = SDKROOT; };
		893F6BF41C3EE6E5007CB1F9 /* city_background.caf */ = {isa = PBXFileReference; lastKnownFileType = file; name = city_background.caf; path = sounds/city_background.caf; sourceTree = "<group>"; };
		893F6BF61C3EE6E5007CB1F9 /* city_voice.caf */ = {isa = PBXFileReference; lastKnownFileType = file; name = city_voice.caf; path = sounds/city_voice.caf; sourceTree = "<group>"; };
		893F6BF71C3EE6E5007CB1F9 /* country_background.caf */ = {isa = PBXFileReference; lastKnownFileType = file; name = country_background.caf; path = sounds/country_background.caf; sourceTree = "<group>"; };
		893F6BF81C3EE6E5007CB1F9 /* country_extra.caf */ = {isa = PBXFileReference; lastKnownFileType = file; name = country_extra.caf; path = sounds/country_extra.caf; sourceTree = "<group>"; };
		893F6BF91C3EE6E5007CB1F9 /* country_voice.caf */ = {isa = PBXFileReference; lastKnownFileType = file; name = country_voice.caf; path = sounds/country_voice.caf; sourceTree = "<group>"; };
		893F6BFA1C3EE6E5007CB1F9 /* sea_background.caf */ = {isa = PBXFileReference; lastKnownFileType = file; name = sea_background.caf; path = sounds/sea_background.caf; sourceTree = "<group>"; };
		893F6BFB1C3EE6E5007CB1F9 /* sea_extra.caf */ = {isa = PBXFileReference; lastKnownFileType = file; name = sea_extra.caf; path = sounds/sea_extra.caf; sourceTree = "<group>"; };
		893F6BFC1C3EE6E5007CB1F9 /* sea_voice.caf */ = {isa = PBXFileReference; lastKnownFileType = file; name = sea_voice.caf; path = sounds/sea_voice.caf; sourceTree = "<group>"; };
		893F6BFE1C3EE6E5007CB1F9 /* tropics_extra.caf */ = {isa = PBXFileReference; lastKnownFileType = file; name = tropics_extra.caf; path = sounds/tropics_extra.caf; sourceTree = "<group>"; };
		893F6BFF1C3EE6E5007CB1F9 /* tropics_voice.caf */ = {isa = PBXFileReference; lastKnownFileType = file; name = tropics_voice.caf; path = sounds/tropics_voice.caf; sourceTree = "<group>"; };
		893F6C0C1C3F3F62007CB1F9 /* cascade_background.caf */ = {isa = PBXFileReference; lastKnownFileType = file; name = cascade_background.caf; path = sounds/cascade_background.caf; sourceTree = "<group>"; };
		893F6C0D1C3F3F62007CB1F9 /* cascade_extra.caf */ = {isa = PBXFileReference; lastKnownFileType = file; name = cascade_extra.caf; path = sounds/cascade_extra.caf; sourceTree = "<group>"; };
		893F6C0E1C3F3F62007CB1F9 /* cascade_voice.caf */ = {isa = PBXFileReference; lastKnownFileType = file; name = cascade_voice.caf; path = sounds/cascade_voice.caf; sourceTree = "<group>"; };
		893F6C0F1C3F3F62007CB1F9 /* forest_background.caf */ = {isa = PBXFileReference; lastKnownFileType = file; name = forest_background.caf; path = sounds/forest_background.caf; sourceTree = "<group>"; };
		893F6C101C3F3F62007CB1F9 /* forest_extra.caf */ = {isa = PBXFileReference; lastKnownFileType = file; name = forest_extra.caf; path = sounds/forest_extra.caf; sourceTree = "<group>"; };
		893F6C111C3F3F62007CB1F9 /* forest_voice.caf */ = {isa = PBXFileReference; lastKnownFileType = file; name = forest_voice.caf; path = sounds/forest_voice.caf; sourceTree = "<group>"; };
		893F6C181C3F4488007CB1F9 /* city_extra.caf */ = {isa = PBXFileReference; lastKnownFileType = file; name = city_extra.caf; path = sounds/city_extra.caf; sourceTree = "<group>"; };
		893F6C1A1C3F4599007CB1F9 /* animals_background.caf */ = {isa = PBXFileReference; lastKnownFileType = file; name = animals_background.caf; path = sounds/animals_background.caf; sourceTree = "<group>"; };
		893F6C1B1C3F4599007CB1F9 /* animals_extra.caf */ = {isa = PBXFileReference; lastKnownFileType = file; name = animals_extra.caf; path = sounds/animals_extra.caf; sourceTree = "<group>"; };
		893F6C1C1C3F4599007CB1F9 /* animals_voice.caf */ = {isa = PBXFileReference; lastKnownFileType = file; name = animals_voice.caf; path = sounds/animals_voice.caf; sourceTree = "<group>"; };
		893F6C1D1C3F4599007CB1F9 /* tribe_background.caf */ = {isa = PBXFileReference; lastKnownFileType = file; name = tribe_background.caf; path = sounds/tribe_background.caf; sourceTree = "<group>"; };
		893F6C1E1C3F4599007CB1F9 /* tribe_extra.caf */ = {isa = PBXFileReference; lastKnownFileType = file; name = tribe_extra.caf; path = sounds/tribe_extra.caf; sourceTree = "<group>"; };
		893F6C1F1C3F4599007CB1F9 /* tribe_voice.caf */ = {isa = PBXFileReference; lastKnownFileType = file; name = tribe_voice.caf; path = sounds/tribe_voice.caf; sourceTree = "<group>"; };
		893F6C261C3FBEDE007CB1F9 /* tropics_background.caf */ = {isa = PBXFileReference; lastKnownFileType = file; name = tropics_background.caf; path = sounds/tropics_background.caf; sourceTree = "<group>"; };
/* End PBXFileReference section */

/* Begin PBXFrameworksBuildPhase section */
		02C5B0611BF4DB9200DA3CD1 /* Frameworks */ = {
			isa = PBXFrameworksBuildPhase;
			buildActionMask = 2147483647;
			files = (
				893F6BD31C3E65FD007CB1F9 /* AudioToolbox.framework in Frameworks */,
				8920EA6E1C1039D4001D7A33 /* OpenAL.framework in Frameworks */,
			);
			runOnlyForDeploymentPostprocessing = 0;
		};
		02C5B0751BF4DB9200DA3CD1 /* Frameworks */ = {
			isa = PBXFrameworksBuildPhase;
			buildActionMask = 2147483647;
			files = (
			);
			runOnlyForDeploymentPostprocessing = 0;
		};
		02C5B0801BF4DB9200DA3CD1 /* Frameworks */ = {
			isa = PBXFrameworksBuildPhase;
			buildActionMask = 2147483647;
			files = (
			);
			runOnlyForDeploymentPostprocessing = 0;
		};
/* End PBXFrameworksBuildPhase section */

/* Begin PBXGroup section */
		0246229B1C0F3460000175DD /* Components */ = {
			isa = PBXGroup;
			children = (
				0246229C1C0F3467000175DD /* Fingerprint */,
			);
			name = Components;
			sourceTree = "<group>";
		};
		0246229C1C0F3467000175DD /* Fingerprint */ = {
			isa = PBXGroup;
			children = (
				024622A91C0F37C9000175DD /* Model */,
				024622A81C0F37C3000175DD /* Controller */,
				024622A11C0F3706000175DD /* View */,
			);
			name = Fingerprint;
			sourceTree = "<group>";
		};
		024622A11C0F3706000175DD /* View */ = {
			isa = PBXGroup;
			children = (
				0246229F1C0F36FE000175DD /* FingerprintView.swift */,
			);
			name = View;
			sourceTree = "<group>";
		};
		024622A81C0F37C3000175DD /* Controller */ = {
			isa = PBXGroup;
			children = (
				024622A41C0F3789000175DD /* FingerprintViewController.swift */,
				024622A51C0F3789000175DD /* FingerprintViewController.xib */,
			);
			name = Controller;
			sourceTree = "<group>";
		};
		024622A91C0F37C9000175DD /* Model */ = {
			isa = PBXGroup;
			children = (
				024622A21C0F3763000175DD /* Fingerprint.swift */,
			);
			name = Model;
			sourceTree = "<group>";
		};
		026AADFA1BF4DDA800FF9E21 /* Ressources */ = {
			isa = PBXGroup;
			children = (
				02B47EC61C3ECD84001372B7 /* tribe.mp4 */,
				02B47ECC1C3ED767001372B7 /* plume.mp4 */,
				02D0C6E41C3D7D120060A134 /* cascade.mp4 */,
				026AADFB1BF4DDBC00FF9E21 /* OpenSans-Bold.ttf */,
				026AADFC1BF4DDBC00FF9E21 /* OpenSans-BoldItalic.ttf */,
				026AADFD1BF4DDBC00FF9E21 /* OpenSans-ExtraBold.ttf */,
				026AADFE1BF4DDBC00FF9E21 /* OpenSans-ExtraBoldItalic.ttf */,
				026AADFF1BF4DDBC00FF9E21 /* OpenSans-Italic.ttf */,
				026AAE001BF4DDBC00FF9E21 /* OpenSans-Light.ttf */,
				026AAE011BF4DDBC00FF9E21 /* OpenSans-LightItalic.ttf */,
				026AAE021BF4DDBC00FF9E21 /* OpenSans-Regular.ttf */,
				026AAE031BF4DDBC00FF9E21 /* OpenSans-Semibold.ttf */,
				026AAE041BF4DDBC00FF9E21 /* OpenSans-SemiboldItalic.ttf */,
			);
			name = Ressources;
			path = inoui;
			sourceTree = "<group>";
		};
		026BF8B81C0DD70A00601876 /* Tutorial */ = {
			isa = PBXGroup;
			children = (
				026BF8B91C0DD71300601876 /* Model */,
				026BF8BA1C0DD71700601876 /* View */,
				026BF8BD1C0DD73D00601876 /* Controller */,
			);
			name = Tutorial;
			sourceTree = "<group>";
		};
		026BF8B91C0DD71300601876 /* Model */ = {
			isa = PBXGroup;
			children = (
				026BF8B41C0DD6D200601876 /* Tutorial.swift */,
			);
			name = Model;
			sourceTree = "<group>";
		};
		026BF8BA1C0DD71700601876 /* View */ = {
			isa = PBXGroup;
			children = (
				026BF8B61C0DD6E100601876 /* TutorialView.swift */,
			);
			name = View;
			sourceTree = "<group>";
		};
		026BF8BD1C0DD73D00601876 /* Controller */ = {
			isa = PBXGroup;
			children = (
				026BF8BE1C0DD7EC00601876 /* Tutorial.storyboard */,
				026BF8BB1C0DD73400601876 /* TutorialViewController.swift */,
				021A19AA1C3C773900EF53CE /* TutorialGenderViewController.swift */,
				02D0C6E01C3D7A490060A134 /* TutorialAgeViewController.swift */,
			);
			name = Controller;
			sourceTree = "<group>";
		};
		026BF8C31C0DF41100601876 /* Transitions */ = {
			isa = PBXGroup;
			children = (
				026BF8C41C0DF49800601876 /* UnblurAnimationSegue.swift */,
			);
			name = Transitions;
			sourceTree = "<group>";
		};
		02C4A4D81C3ABA0B009E0CFA /* Results */ = {
			isa = PBXGroup;
			children = (
				02C4A4DB1C3ABA25009E0CFA /* Model */,
				02C4A4DA1C3ABA1D009E0CFA /* View */,
				02C4A4D91C3ABA18009E0CFA /* Controller */,
			);
			name = Results;
			sourceTree = "<group>";
		};
		02C4A4D91C3ABA18009E0CFA /* Controller */ = {
			isa = PBXGroup;
			children = (
				02C4A4DC1C3ABA4B009E0CFA /* Results.storyboard */,
				02C4A4E01C3ABA87009E0CFA /* ResultsViewController.swift */,
				02FC0E5D1C3F5D0F0088C5BC /* ProductViewController.swift */,
				02FC0E5F1C3F5D1B0088C5BC /* Product.storyboard */,
			);
			name = Controller;
			sourceTree = "<group>";
		};
		02C4A4DA1C3ABA1D009E0CFA /* View */ = {
			isa = PBXGroup;
			children = (
			);
			name = View;
			sourceTree = "<group>";
		};
		02C4A4DB1C3ABA25009E0CFA /* Model */ = {
			isa = PBXGroup;
			children = (
			);
			name = Model;
			sourceTree = "<group>";
		};
		02C5B05B1BF4DB9200DA3CD1 = {
			isa = PBXGroup;
			children = (
				893F6BD21C3E65FD007CB1F9 /* AudioToolbox.framework */,
				8920EA6D1C1039D4001D7A33 /* OpenAL.framework */,
				02C5B0661BF4DB9200DA3CD1 /* inoui */,
				02C5B07B1BF4DB9200DA3CD1 /* inouiTests */,
				02C5B0861BF4DB9200DA3CD1 /* inouiUITests */,
				02C5B0651BF4DB9200DA3CD1 /* Products */,
				026AADFA1BF4DDA800FF9E21 /* Ressources */,
			);
			sourceTree = "<group>";
		};
		02C5B0651BF4DB9200DA3CD1 /* Products */ = {
			isa = PBXGroup;
			children = (
				02C5B0641BF4DB9200DA3CD1 /* inoui.app */,
				02C5B0781BF4DB9200DA3CD1 /* inouiTests.xctest */,
				02C5B0831BF4DB9200DA3CD1 /* inouiUITests.xctest */,
			);
			name = Products;
			sourceTree = "<group>";
		};
		02C5B0661BF4DB9200DA3CD1 /* inoui */ = {
			isa = PBXGroup;
			children = (
				02C4A4D81C3ABA0B009E0CFA /* Results */,
				8920EA941C11E46A001D7A33 /* Choices */,
				8920EA8A1C11CED5001D7A33 /* Pause */,
				8920EA821C11CDF4001D7A33 /* Intro */,
				8920EA791C10A0BF001D7A33 /* Gyro */,
				8920EA731C103EA7001D7A33 /* audio */,
				8920EA6F1C103E5B001D7A33 /* Utils */,
				8920EA671C10381D001D7A33 /* OAL */,
				0246229B1C0F3460000175DD /* Components */,
				026BF8C31C0DF41100601876 /* Transitions */,
				02C5B0671BF4DB9200DA3CD1 /* AppDelegate.swift */,
				02C5B0691BF4DB9200DA3CD1 /* ViewController.swift */,
				026BF8B81C0DD70A00601876 /* Tutorial */,
				02C5B06B1BF4DB9200DA3CD1 /* Main.storyboard */,
				02C5B06E1BF4DB9200DA3CD1 /* Assets.xcassets */,
				02C5B0701BF4DB9200DA3CD1 /* LaunchScreen.storyboard */,
				02C5B0731BF4DB9200DA3CD1 /* Info.plist */,
			);
			path = inoui;
			sourceTree = "<group>";
		};
		02C5B07B1BF4DB9200DA3CD1 /* inouiTests */ = {
			isa = PBXGroup;
			children = (
				02C5B07C1BF4DB9200DA3CD1 /* inouiTests.swift */,
				02C5B07E1BF4DB9200DA3CD1 /* Info.plist */,
			);
			path = inouiTests;
			sourceTree = "<group>";
		};
		02C5B0861BF4DB9200DA3CD1 /* inouiUITests */ = {
			isa = PBXGroup;
			children = (
				02C5B0871BF4DB9200DA3CD1 /* inouiUITests.swift */,
				02C5B0891BF4DB9200DA3CD1 /* Info.plist */,
			);
			path = inouiUITests;
			sourceTree = "<group>";
		};
		8920EA671C10381D001D7A33 /* OAL */ = {
			isa = PBXGroup;
			children = (
				8920EA691C103899001D7A33 /* Playback.swift */,
				8920EA6B1C10390D001D7A33 /* MyOpenALSupport.swift */,
			);
			name = OAL;
			sourceTree = "<group>";
		};
		8920EA6F1C103E5B001D7A33 /* Utils */ = {
			isa = PBXGroup;
			children = (
				8920EA701C103E6F001D7A33 /* NumTypes+Conversion.swift */,
			);
			name = Utils;
			sourceTree = "<group>";
		};
		8920EA731C103EA7001D7A33 /* audio */ = {
			isa = PBXGroup;
			children = (
				893F6C0C1C3F3F62007CB1F9 /* cascade_background.caf */,
				893F6C0D1C3F3F62007CB1F9 /* cascade_extra.caf */,
				893F6C0E1C3F3F62007CB1F9 /* cascade_voice.caf */,
				893F6C0F1C3F3F62007CB1F9 /* forest_background.caf */,
				893F6C101C3F3F62007CB1F9 /* forest_extra.caf */,
				893F6C111C3F3F62007CB1F9 /* forest_voice.caf */,
				893F6BD01C3E6221007CB1F9 /* heartbeat.mp3 */,
				893F6BCE1C3D93EE007CB1F9 /* wind.caf */,
				893F6BF41C3EE6E5007CB1F9 /* city_background.caf */,
				893F6C181C3F4488007CB1F9 /* city_extra.caf */,
				893F6BF61C3EE6E5007CB1F9 /* city_voice.caf */,
				893F6C1A1C3F4599007CB1F9 /* animals_background.caf */,
				893F6C1B1C3F4599007CB1F9 /* animals_extra.caf */,
				893F6C1C1C3F4599007CB1F9 /* animals_voice.caf */,
				893F6C1D1C3F4599007CB1F9 /* tribe_background.caf */,
				893F6C1E1C3F4599007CB1F9 /* tribe_extra.caf */,
				893F6C1F1C3F4599007CB1F9 /* tribe_voice.caf */,
				893F6BF71C3EE6E5007CB1F9 /* country_background.caf */,
				893F6BF81C3EE6E5007CB1F9 /* country_extra.caf */,
				893F6BF91C3EE6E5007CB1F9 /* country_voice.caf */,
				893F6BFA1C3EE6E5007CB1F9 /* sea_background.caf */,
				893F6BFB1C3EE6E5007CB1F9 /* sea_extra.caf */,
				893F6C261C3FBEDE007CB1F9 /* tropics_background.caf */,
				893F6BFC1C3EE6E5007CB1F9 /* sea_voice.caf */,
				893F6BFE1C3EE6E5007CB1F9 /* tropics_extra.caf */,
				893F6BFF1C3EE6E5007CB1F9 /* tropics_voice.caf */,
				8920EA751C104299001D7A33 /* sound.caf */,
				8920EA771C105C26001D7A33 /* test.wav */,
			);
			name = audio;
			sourceTree = "<group>";
		};
		8920EA791C10A0BF001D7A33 /* Gyro */ = {
			isa = PBXGroup;
			children = (
				8920EA7A1C10A0CD001D7A33 /* LocationManager.swift */,
			);
			name = Gyro;
			sourceTree = "<group>";
		};
		8920EA821C11CDF4001D7A33 /* Intro */ = {
			isa = PBXGroup;
			children = (
				8920EA851C11CE27001D7A33 /* Controller */,
				8920EA841C11CE22001D7A33 /* View */,
				8920EA831C11CE12001D7A33 /* Model */,
			);
			name = Intro;
			sourceTree = "<group>";
		};
		8920EA831C11CE12001D7A33 /* Model */ = {
			isa = PBXGroup;
			children = (
			);
			name = Model;
			sourceTree = "<group>";
		};
		8920EA841C11CE22001D7A33 /* View */ = {
			isa = PBXGroup;
			children = (
				8920EA881C11CE73001D7A33 /* IntroView.swift */,
			);
			name = View;
			sourceTree = "<group>";
		};
		8920EA851C11CE27001D7A33 /* Controller */ = {
			isa = PBXGroup;
			children = (
				8920EA861C11CE44001D7A33 /* IntroController.swift */,
			);
			name = Controller;
			sourceTree = "<group>";
		};
		8920EA8A1C11CED5001D7A33 /* Pause */ = {
			isa = PBXGroup;
			children = (
				8920EA8D1C11CEF2001D7A33 /* Controller */,
				8920EA8C1C11CEED001D7A33 /* View */,
				8920EA8B1C11CEE9001D7A33 /* Model */,
			);
			name = Pause;
			sourceTree = "<group>";
		};
		8920EA8B1C11CEE9001D7A33 /* Model */ = {
			isa = PBXGroup;
			children = (
			);
			name = Model;
			sourceTree = "<group>";
		};
		8920EA8C1C11CEED001D7A33 /* View */ = {
			isa = PBXGroup;
			children = (
				8920EA8E1C11CEFC001D7A33 /* PauseView.swift */,
			);
			name = View;
			sourceTree = "<group>";
		};
		8920EA8D1C11CEF2001D7A33 /* Controller */ = {
			isa = PBXGroup;
			children = (
				8920EA901C11CF05001D7A33 /* PauseController.swift */,
				8920EA921C11CF54001D7A33 /* Pause.storyboard */,
			);
			name = Controller;
			sourceTree = "<group>";
		};
		8920EA941C11E46A001D7A33 /* Choices */ = {
			isa = PBXGroup;
			children = (
				8920EA971C11E485001D7A33 /* Controller */,
				8920EA961C11E47F001D7A33 /* View */,
				8920EA951C11E47A001D7A33 /* Model */,
			);
			name = Choices;
			sourceTree = "<group>";
		};
		8920EA951C11E47A001D7A33 /* Model */ = {
			isa = PBXGroup;
			children = (
				893F6BA31C3A6746007CB1F9 /* Sound.swift */,
				893F6BA51C3A7341007CB1F9 /* SoundsComposition.swift */,
			);
			name = Model;
			sourceTree = "<group>";
		};
		8920EA961C11E47F001D7A33 /* View */ = {
			isa = PBXGroup;
			children = (
				02BCEF371C34B6EA00186654 /* ChoiceView.swift */,
				02593DB61C3E7B7600353989 /* CampagneView.swift */,
				02B47EC41C3E9675001372B7 /* TropicalView.swift */,
				02FC0E5B1C3F48FC0088C5BC /* TownView.swift */,
			);
			name = View;
			sourceTree = "<group>";
		};
		8920EA971C11E485001D7A33 /* Controller */ = {
			isa = PBXGroup;
			children = (
				8920EA981C11E4A0001D7A33 /* Choice.storyboard */,
				8920EA9A1C11E4AA001D7A33 /* ChoiceController.swift */,
				02D0C6E21C3D7C240060A134 /* ChoiceFirstViewController.swift */,
				02D0C6E61C3D8A2A0060A134 /* ChoiceSecondController.swift */,
				02B47EC81C3ECDB1001372B7 /* ChoiceThirdViewController.swift */,
			);
			name = Controller;
			sourceTree = "<group>";
		};
/* End PBXGroup section */

/* Begin PBXNativeTarget section */
		02C5B0631BF4DB9200DA3CD1 /* inoui */ = {
			isa = PBXNativeTarget;
			buildConfigurationList = 02C5B08C1BF4DB9200DA3CD1 /* Build configuration list for PBXNativeTarget "inoui" */;
			buildPhases = (
				02C5B0601BF4DB9200DA3CD1 /* Sources */,
				02C5B0611BF4DB9200DA3CD1 /* Frameworks */,
				02C5B0621BF4DB9200DA3CD1 /* Resources */,
			);
			buildRules = (
			);
			dependencies = (
			);
			name = inoui;
			productName = inoui;
			productReference = 02C5B0641BF4DB9200DA3CD1 /* inoui.app */;
			productType = "com.apple.product-type.application";
		};
		02C5B0771BF4DB9200DA3CD1 /* inouiTests */ = {
			isa = PBXNativeTarget;
			buildConfigurationList = 02C5B08F1BF4DB9200DA3CD1 /* Build configuration list for PBXNativeTarget "inouiTests" */;
			buildPhases = (
				02C5B0741BF4DB9200DA3CD1 /* Sources */,
				02C5B0751BF4DB9200DA3CD1 /* Frameworks */,
				02C5B0761BF4DB9200DA3CD1 /* Resources */,
			);
			buildRules = (
			);
			dependencies = (
				02C5B07A1BF4DB9200DA3CD1 /* PBXTargetDependency */,
			);
			name = inouiTests;
			productName = inouiTests;
			productReference = 02C5B0781BF4DB9200DA3CD1 /* inouiTests.xctest */;
			productType = "com.apple.product-type.bundle.unit-test";
		};
		02C5B0821BF4DB9200DA3CD1 /* inouiUITests */ = {
			isa = PBXNativeTarget;
			buildConfigurationList = 02C5B0921BF4DB9200DA3CD1 /* Build configuration list for PBXNativeTarget "inouiUITests" */;
			buildPhases = (
				02C5B07F1BF4DB9200DA3CD1 /* Sources */,
				02C5B0801BF4DB9200DA3CD1 /* Frameworks */,
				02C5B0811BF4DB9200DA3CD1 /* Resources */,
			);
			buildRules = (
			);
			dependencies = (
				02C5B0851BF4DB9200DA3CD1 /* PBXTargetDependency */,
			);
			name = inouiUITests;
			productName = inouiUITests;
			productReference = 02C5B0831BF4DB9200DA3CD1 /* inouiUITests.xctest */;
			productType = "com.apple.product-type.bundle.ui-testing";
		};
/* End PBXNativeTarget section */

/* Begin PBXProject section */
		02C5B05C1BF4DB9200DA3CD1 /* Project object */ = {
			isa = PBXProject;
			attributes = {
				LastSwiftUpdateCheck = 0710;
				LastUpgradeCheck = 0710;
				ORGANIZATIONNAME = Inoui;
				TargetAttributes = {
					02C5B0631BF4DB9200DA3CD1 = {
						CreatedOnToolsVersion = 7.1;
						DevelopmentTeam = P3BJ8UE9HH;
					};
					02C5B0771BF4DB9200DA3CD1 = {
						CreatedOnToolsVersion = 7.1;
						DevelopmentTeam = 4797R522FN;
						TestTargetID = 02C5B0631BF4DB9200DA3CD1;
					};
					02C5B0821BF4DB9200DA3CD1 = {
						CreatedOnToolsVersion = 7.1;
						DevelopmentTeam = 4797R522FN;
						TestTargetID = 02C5B0631BF4DB9200DA3CD1;
					};
				};
			};
			buildConfigurationList = 02C5B05F1BF4DB9200DA3CD1 /* Build configuration list for PBXProject "inoui" */;
			compatibilityVersion = "Xcode 3.2";
			developmentRegion = English;
			hasScannedForEncodings = 0;
			knownRegions = (
				en,
				Base,
			);
			mainGroup = 02C5B05B1BF4DB9200DA3CD1;
			productRefGroup = 02C5B0651BF4DB9200DA3CD1 /* Products */;
			projectDirPath = "";
			projectRoot = "";
			targets = (
				02C5B0631BF4DB9200DA3CD1 /* inoui */,
				02C5B0771BF4DB9200DA3CD1 /* inouiTests */,
				02C5B0821BF4DB9200DA3CD1 /* inouiUITests */,
			);
		};
/* End PBXProject section */

/* Begin PBXResourcesBuildPhase section */
		02C5B0621BF4DB9200DA3CD1 /* Resources */ = {
			isa = PBXResourcesBuildPhase;
			buildActionMask = 2147483647;
			files = (
				893F6C241C3F4599007CB1F9 /* tribe_extra.caf in Resources */,
				026AAE051BF4DE1400FF9E21 /* OpenSans-Bold.ttf in Resources */,
				893F6C211C3F4599007CB1F9 /* animals_extra.caf in Resources */,
				893F6C061C3EE6E5007CB1F9 /* sea_background.caf in Resources */,
				893F6C201C3F4599007CB1F9 /* animals_background.caf in Resources */,
				893F6C151C3F3F62007CB1F9 /* forest_background.caf in Resources */,
				026AAE061BF4DE1400FF9E21 /* OpenSans-BoldItalic.ttf in Resources */,
				893F6C271C3FBEDE007CB1F9 /* tropics_background.caf in Resources */,
				026AAE071BF4DE1400FF9E21 /* OpenSans-ExtraBold.ttf in Resources */,
				893F6C161C3F3F62007CB1F9 /* forest_extra.caf in Resources */,
				893F6C051C3EE6E5007CB1F9 /* country_voice.caf in Resources */,
				893F6C001C3EE6E5007CB1F9 /* city_background.caf in Resources */,
				893F6BCF1C3D93EE007CB1F9 /* wind.caf in Resources */,
				026AAE081BF4DE1400FF9E21 /* OpenSans-ExtraBoldItalic.ttf in Resources */,
				024622A71C0F3789000175DD /* FingerprintViewController.xib in Resources */,
				026AAE091BF4DE1400FF9E21 /* OpenSans-Italic.ttf in Resources */,
				893F6C171C3F3F62007CB1F9 /* forest_voice.caf in Resources */,
				026AAE0A1BF4DE1400FF9E21 /* OpenSans-Light.ttf in Resources */,
				893F6C0A1C3EE6E5007CB1F9 /* tropics_extra.caf in Resources */,
				026AAE0B1BF4DE1400FF9E21 /* OpenSans-LightItalic.ttf in Resources */,
				02B47ECD1C3ED767001372B7 /* plume.mp4 in Resources */,
				893F6C231C3F4599007CB1F9 /* tribe_background.caf in Resources */,
				893F6C041C3EE6E5007CB1F9 /* country_extra.caf in Resources */,
				026AAE0C1BF4DE1400FF9E21 /* OpenSans-Regular.ttf in Resources */,
				026BF8BF1C0DD7EC00601876 /* Tutorial.storyboard in Resources */,
				8920EA761C104299001D7A33 /* sound.caf in Resources */,
				02C4A4DD1C3ABA4B009E0CFA /* Results.storyboard in Resources */,
				893F6C021C3EE6E5007CB1F9 /* city_voice.caf in Resources */,
				026AAE0D1BF4DE1400FF9E21 /* OpenSans-Semibold.ttf in Resources */,
				026AAE0E1BF4DE1400FF9E21 /* OpenSans-SemiboldItalic.ttf in Resources */,
				02C5B0721BF4DB9200DA3CD1 /* LaunchScreen.storyboard in Resources */,
				8920EA991C11E4A0001D7A33 /* Choice.storyboard in Resources */,
				02D0C6E51C3D7FA70060A134 /* cascade.mp4 in Resources */,
				02FC0E601C3F5D1B0088C5BC /* Product.storyboard in Resources */,
				893F6C141C3F3F62007CB1F9 /* cascade_voice.caf in Resources */,
				8920EA781C105C26001D7A33 /* test.wav in Resources */,
				02B47EC71C3ECD84001372B7 /* tribe.mp4 in Resources */,
				893F6C221C3F4599007CB1F9 /* animals_voice.caf in Resources */,
				893F6C131C3F3F62007CB1F9 /* cascade_extra.caf in Resources */,
				8920EA931C11CF54001D7A33 /* Pause.storyboard in Resources */,
				893F6C191C3F4488007CB1F9 /* city_extra.caf in Resources */,
				893F6C251C3F4599007CB1F9 /* tribe_voice.caf in Resources */,
				893F6C071C3EE6E5007CB1F9 /* sea_extra.caf in Resources */,
				893F6C031C3EE6E5007CB1F9 /* country_background.caf in Resources */,
				893F6C121C3F3F62007CB1F9 /* cascade_background.caf in Resources */,
				02C5B06F1BF4DB9200DA3CD1 /* Assets.xcassets in Resources */,
				893F6C081C3EE6E5007CB1F9 /* sea_voice.caf in Resources */,
				893F6BD11C3E6221007CB1F9 /* heartbeat.mp3 in Resources */,
				02C5B06D1BF4DB9200DA3CD1 /* Main.storyboard in Resources */,
				893F6C0B1C3EE6E5007CB1F9 /* tropics_voice.caf in Resources */,
			);
			runOnlyForDeploymentPostprocessing = 0;
		};
		02C5B0761BF4DB9200DA3CD1 /* Resources */ = {
			isa = PBXResourcesBuildPhase;
			buildActionMask = 2147483647;
			files = (
			);
			runOnlyForDeploymentPostprocessing = 0;
		};
		02C5B0811BF4DB9200DA3CD1 /* Resources */ = {
			isa = PBXResourcesBuildPhase;
			buildActionMask = 2147483647;
			files = (
			);
			runOnlyForDeploymentPostprocessing = 0;
		};
/* End PBXResourcesBuildPhase section */

/* Begin PBXSourcesBuildPhase section */
		02C5B0601BF4DB9200DA3CD1 /* Sources */ = {
			isa = PBXSourcesBuildPhase;
			buildActionMask = 2147483647;
			files = (
				02FC0E5C1C3F48FC0088C5BC /* TownView.swift in Sources */,
				021A19AB1C3C773900EF53CE /* TutorialGenderViewController.swift in Sources */,
				8920EA6A1C103899001D7A33 /* Playback.swift in Sources */,
				026BF8C51C0DF49800601876 /* UnblurAnimationSegue.swift in Sources */,
				8920EA891C11CE73001D7A33 /* IntroView.swift in Sources */,
				02B47EC91C3ECDB1001372B7 /* ChoiceThirdViewController.swift in Sources */,
				02D0C6E31C3D7C240060A134 /* ChoiceFirstViewController.swift in Sources */,
				02C4A4E11C3ABA87009E0CFA /* ResultsViewController.swift in Sources */,
				8920EA8F1C11CEFC001D7A33 /* PauseView.swift in Sources */,
				8920EA711C103E6F001D7A33 /* NumTypes+Conversion.swift in Sources */,
				024622A61C0F3789000175DD /* FingerprintViewController.swift in Sources */,
				02FC0E5E1C3F5D0F0088C5BC /* ProductViewController.swift in Sources */,
				02BCEF381C34B6EA00186654 /* ChoiceView.swift in Sources */,
				8920EA9B1C11E4AA001D7A33 /* ChoiceController.swift in Sources */,
				026BF8B71C0DD6E100601876 /* TutorialView.swift in Sources */,
				02D0C6E71C3D8A2A0060A134 /* ChoiceSecondController.swift in Sources */,
				02593DB71C3E7B7600353989 /* CampagneView.swift in Sources */,
				02B47EC51C3E9675001372B7 /* TropicalView.swift in Sources */,
				02C5B06A1BF4DB9200DA3CD1 /* ViewController.swift in Sources */,
				8920EA911C11CF05001D7A33 /* PauseController.swift in Sources */,
				893F6BA61C3A7341007CB1F9 /* SoundsComposition.swift in Sources */,
				024622A01C0F36FE000175DD /* FingerprintView.swift in Sources */,
				024622A31C0F3763000175DD /* Fingerprint.swift in Sources */,
				8920EA871C11CE45001D7A33 /* IntroController.swift in Sources */,
				893F6BA41C3A6746007CB1F9 /* Sound.swift in Sources */,
				02D0C6E11C3D7A490060A134 /* TutorialAgeViewController.swift in Sources */,
				026BF8BC1C0DD73400601876 /* TutorialViewController.swift in Sources */,
				026BF8B51C0DD6D200601876 /* Tutorial.swift in Sources */,
				8920EA6C1C10390D001D7A33 /* MyOpenALSupport.swift in Sources */,
				02C5B0681BF4DB9200DA3CD1 /* AppDelegate.swift in Sources */,
				8920EA7B1C10A0CD001D7A33 /* LocationManager.swift in Sources */,
			);
			runOnlyForDeploymentPostprocessing = 0;
		};
		02C5B0741BF4DB9200DA3CD1 /* Sources */ = {
			isa = PBXSourcesBuildPhase;
			buildActionMask = 2147483647;
			files = (
				02C5B07D1BF4DB9200DA3CD1 /* inouiTests.swift in Sources */,
			);
			runOnlyForDeploymentPostprocessing = 0;
		};
		02C5B07F1BF4DB9200DA3CD1 /* Sources */ = {
			isa = PBXSourcesBuildPhase;
			buildActionMask = 2147483647;
			files = (
				02C5B0881BF4DB9200DA3CD1 /* inouiUITests.swift in Sources */,
			);
			runOnlyForDeploymentPostprocessing = 0;
		};
/* End PBXSourcesBuildPhase section */

/* Begin PBXTargetDependency section */
		02C5B07A1BF4DB9200DA3CD1 /* PBXTargetDependency */ = {
			isa = PBXTargetDependency;
			target = 02C5B0631BF4DB9200DA3CD1 /* inoui */;
			targetProxy = 02C5B0791BF4DB9200DA3CD1 /* PBXContainerItemProxy */;
		};
		02C5B0851BF4DB9200DA3CD1 /* PBXTargetDependency */ = {
			isa = PBXTargetDependency;
			target = 02C5B0631BF4DB9200DA3CD1 /* inoui */;
			targetProxy = 02C5B0841BF4DB9200DA3CD1 /* PBXContainerItemProxy */;
		};
/* End PBXTargetDependency section */

/* Begin PBXVariantGroup section */
		02C5B06B1BF4DB9200DA3CD1 /* Main.storyboard */ = {
			isa = PBXVariantGroup;
			children = (
				02C5B06C1BF4DB9200DA3CD1 /* Base */,
			);
			name = Main.storyboard;
			sourceTree = "<group>";
		};
		02C5B0701BF4DB9200DA3CD1 /* LaunchScreen.storyboard */ = {
			isa = PBXVariantGroup;
			children = (
				02C5B0711BF4DB9200DA3CD1 /* Base */,
			);
			name = LaunchScreen.storyboard;
			sourceTree = "<group>";
		};
/* End PBXVariantGroup section */

/* Begin XCBuildConfiguration section */
		02C5B08A1BF4DB9200DA3CD1 /* Debug */ = {
			isa = XCBuildConfiguration;
			buildSettings = {
				ALWAYS_SEARCH_USER_PATHS = NO;
				CLANG_CXX_LANGUAGE_STANDARD = "gnu++0x";
				CLANG_CXX_LIBRARY = "libc++";
				CLANG_ENABLE_MODULES = YES;
				CLANG_ENABLE_OBJC_ARC = YES;
				CLANG_WARN_BOOL_CONVERSION = YES;
				CLANG_WARN_CONSTANT_CONVERSION = YES;
				CLANG_WARN_DIRECT_OBJC_ISA_USAGE = YES_ERROR;
				CLANG_WARN_EMPTY_BODY = YES;
				CLANG_WARN_ENUM_CONVERSION = YES;
				CLANG_WARN_INT_CONVERSION = YES;
				CLANG_WARN_OBJC_ROOT_CLASS = YES_ERROR;
				CLANG_WARN_UNREACHABLE_CODE = YES;
				CLANG_WARN__DUPLICATE_METHOD_MATCH = YES;
				"CODE_SIGN_IDENTITY[sdk=iphoneos*]" = "iPhone Developer";
				COPY_PHASE_STRIP = NO;
				DEBUG_INFORMATION_FORMAT = dwarf;
				ENABLE_STRICT_OBJC_MSGSEND = YES;
				ENABLE_TESTABILITY = YES;
				GCC_C_LANGUAGE_STANDARD = gnu99;
				GCC_DYNAMIC_NO_PIC = NO;
				GCC_NO_COMMON_BLOCKS = YES;
				GCC_OPTIMIZATION_LEVEL = 0;
				GCC_PREPROCESSOR_DEFINITIONS = (
					"DEBUG=1",
					"$(inherited)",
				);
				GCC_WARN_64_TO_32_BIT_CONVERSION = YES;
				GCC_WARN_ABOUT_RETURN_TYPE = YES_ERROR;
				GCC_WARN_UNDECLARED_SELECTOR = YES;
				GCC_WARN_UNINITIALIZED_AUTOS = YES_AGGRESSIVE;
				GCC_WARN_UNUSED_FUNCTION = YES;
				GCC_WARN_UNUSED_VARIABLE = YES;
				IPHONEOS_DEPLOYMENT_TARGET = 9.1;
				MTL_ENABLE_DEBUG_INFO = YES;
				ONLY_ACTIVE_ARCH = YES;
				SDKROOT = iphoneos;
				SWIFT_OPTIMIZATION_LEVEL = "-Onone";
			};
			name = Debug;
		};
		02C5B08B1BF4DB9200DA3CD1 /* Release */ = {
			isa = XCBuildConfiguration;
			buildSettings = {
				ALWAYS_SEARCH_USER_PATHS = NO;
				CLANG_CXX_LANGUAGE_STANDARD = "gnu++0x";
				CLANG_CXX_LIBRARY = "libc++";
				CLANG_ENABLE_MODULES = YES;
				CLANG_ENABLE_OBJC_ARC = YES;
				CLANG_WARN_BOOL_CONVERSION = YES;
				CLANG_WARN_CONSTANT_CONVERSION = YES;
				CLANG_WARN_DIRECT_OBJC_ISA_USAGE = YES_ERROR;
				CLANG_WARN_EMPTY_BODY = YES;
				CLANG_WARN_ENUM_CONVERSION = YES;
				CLANG_WARN_INT_CONVERSION = YES;
				CLANG_WARN_OBJC_ROOT_CLASS = YES_ERROR;
				CLANG_WARN_UNREACHABLE_CODE = YES;
				CLANG_WARN__DUPLICATE_METHOD_MATCH = YES;
				"CODE_SIGN_IDENTITY[sdk=iphoneos*]" = "iPhone Developer";
				COPY_PHASE_STRIP = NO;
				DEBUG_INFORMATION_FORMAT = "dwarf-with-dsym";
				ENABLE_NS_ASSERTIONS = NO;
				ENABLE_STRICT_OBJC_MSGSEND = YES;
				GCC_C_LANGUAGE_STANDARD = gnu99;
				GCC_NO_COMMON_BLOCKS = YES;
				GCC_WARN_64_TO_32_BIT_CONVERSION = YES;
				GCC_WARN_ABOUT_RETURN_TYPE = YES_ERROR;
				GCC_WARN_UNDECLARED_SELECTOR = YES;
				GCC_WARN_UNINITIALIZED_AUTOS = YES_AGGRESSIVE;
				GCC_WARN_UNUSED_FUNCTION = YES;
				GCC_WARN_UNUSED_VARIABLE = YES;
				IPHONEOS_DEPLOYMENT_TARGET = 9.1;
				MTL_ENABLE_DEBUG_INFO = NO;
				SDKROOT = iphoneos;
				VALIDATE_PRODUCT = YES;
			};
			name = Release;
		};
		02C5B08D1BF4DB9200DA3CD1 /* Debug */ = {
			isa = XCBuildConfiguration;
			buildSettings = {
				ASSETCATALOG_COMPILER_APPICON_NAME = AppIcon;
				CODE_SIGN_IDENTITY = "iPhone Developer";
				"CODE_SIGN_IDENTITY[sdk=iphoneos*]" = "iPhone Developer";
				INFOPLIST_FILE = inoui/Info.plist;
				LD_RUNPATH_SEARCH_PATHS = "$(inherited) @executable_path/Frameworks";
				PRODUCT_BUNDLE_IDENTIFIER = fr.henaut.taha.inouinikopenal;
				PRODUCT_NAME = "$(TARGET_NAME)";
				PROVISIONING_PROFILE = "";
			};
			name = Debug;
		};
		02C5B08E1BF4DB9200DA3CD1 /* Release */ = {
			isa = XCBuildConfiguration;
			buildSettings = {
				ASSETCATALOG_COMPILER_APPICON_NAME = AppIcon;
				CODE_SIGN_IDENTITY = "iPhone Developer";
				"CODE_SIGN_IDENTITY[sdk=iphoneos*]" = "iPhone Developer";
				INFOPLIST_FILE = inoui/Info.plist;
				LD_RUNPATH_SEARCH_PATHS = "$(inherited) @executable_path/Frameworks";
				PRODUCT_BUNDLE_IDENTIFIER = fr.henaut.taha.inouinikopenal;
				PRODUCT_NAME = "$(TARGET_NAME)";
				PROVISIONING_PROFILE = "";
			};
			name = Release;
		};
		02C5B0901BF4DB9200DA3CD1 /* Debug */ = {
			isa = XCBuildConfiguration;
			buildSettings = {
				BUNDLE_LOADER = "$(TEST_HOST)";
				INFOPLIST_FILE = inouiTests/Info.plist;
				LD_RUNPATH_SEARCH_PATHS = "$(inherited) @executable_path/Frameworks @loader_path/Frameworks";
				PRODUCT_BUNDLE_IDENTIFIER = fr.henaut.taha.inouiTests;
				PRODUCT_NAME = "$(TARGET_NAME)";
				TEST_HOST = "$(BUILT_PRODUCTS_DIR)/inoui.app/inoui";
			};
			name = Debug;
		};
		02C5B0911BF4DB9200DA3CD1 /* Release */ = {
			isa = XCBuildConfiguration;
			buildSettings = {
				BUNDLE_LOADER = "$(TEST_HOST)";
				INFOPLIST_FILE = inouiTests/Info.plist;
				LD_RUNPATH_SEARCH_PATHS = "$(inherited) @executable_path/Frameworks @loader_path/Frameworks";
				PRODUCT_BUNDLE_IDENTIFIER = fr.henaut.taha.inouiTests;
				PRODUCT_NAME = "$(TARGET_NAME)";
				TEST_HOST = "$(BUILT_PRODUCTS_DIR)/inoui.app/inoui";
			};
			name = Release;
		};
		02C5B0931BF4DB9200DA3CD1 /* Debug */ = {
			isa = XCBuildConfiguration;
			buildSettings = {
				INFOPLIST_FILE = inouiUITests/Info.plist;
				LD_RUNPATH_SEARCH_PATHS = "$(inherited) @executable_path/Frameworks @loader_path/Frameworks";
				PRODUCT_BUNDLE_IDENTIFIER = fr.henaut.taha.inouiUITests;
				PRODUCT_NAME = "$(TARGET_NAME)";
				TEST_TARGET_NAME = inoui;
				USES_XCTRUNNER = YES;
			};
			name = Debug;
		};
		02C5B0941BF4DB9200DA3CD1 /* Release */ = {
			isa = XCBuildConfiguration;
			buildSettings = {
				INFOPLIST_FILE = inouiUITests/Info.plist;
				LD_RUNPATH_SEARCH_PATHS = "$(inherited) @executable_path/Frameworks @loader_path/Frameworks";
				PRODUCT_BUNDLE_IDENTIFIER = fr.henaut.taha.inouiUITests;
				PRODUCT_NAME = "$(TARGET_NAME)";
				TEST_TARGET_NAME = inoui;
				USES_XCTRUNNER = YES;
			};
			name = Release;
		};
/* End XCBuildConfiguration section */

/* Begin XCConfigurationList section */
		02C5B05F1BF4DB9200DA3CD1 /* Build configuration list for PBXProject "inoui" */ = {
			isa = XCConfigurationList;
			buildConfigurations = (
				02C5B08A1BF4DB9200DA3CD1 /* Debug */,
				02C5B08B1BF4DB9200DA3CD1 /* Release */,
			);
			defaultConfigurationIsVisible = 0;
			defaultConfigurationName = Release;
		};
		02C5B08C1BF4DB9200DA3CD1 /* Build configuration list for PBXNativeTarget "inoui" */ = {
			isa = XCConfigurationList;
			buildConfigurations = (
				02C5B08D1BF4DB9200DA3CD1 /* Debug */,
				02C5B08E1BF4DB9200DA3CD1 /* Release */,
			);
			defaultConfigurationIsVisible = 0;
			defaultConfigurationName = Release;
		};
		02C5B08F1BF4DB9200DA3CD1 /* Build configuration list for PBXNativeTarget "inouiTests" */ = {
			isa = XCConfigurationList;
			buildConfigurations = (
				02C5B0901BF4DB9200DA3CD1 /* Debug */,
				02C5B0911BF4DB9200DA3CD1 /* Release */,
			);
			defaultConfigurationIsVisible = 0;
			defaultConfigurationName = Release;
		};
		02C5B0921BF4DB9200DA3CD1 /* Build configuration list for PBXNativeTarget "inouiUITests" */ = {
			isa = XCConfigurationList;
			buildConfigurations = (
				02C5B0931BF4DB9200DA3CD1 /* Debug */,
				02C5B0941BF4DB9200DA3CD1 /* Release */,
			);
			defaultConfigurationIsVisible = 0;
			defaultConfigurationName = Release;
		};
/* End XCConfigurationList section */
	};
	rootObject = 02C5B05C1BF4DB9200DA3CD1 /* Project object */;
}
